
Microsoft Visual Studio Solution File, Format Version 12.00
# Visual Studio Version 17
VisualStudioVersion = 17.4.33205.214
MinimumVisualStudioVersion = 10.0.40219.1
Project("{FAE04EC0-301F-11D3-BF4B-00C04F79EFBC}") = "MindBoxLibrary", "MindBoxLibrary\MindBoxLibrary.csproj", "{C39C650C-12C0-4DFF-9601-CA8352AF433D}"
EndProject
Project("{FAE04EC0-301F-11D3-BF4B-00C04F79EFBC}") = "MIndBoxLibrary.Tests", "MIndBoxLibrary.Tests\MIndBoxLibrary.Tests.csproj", "{0CDE25A8-FB69-4EEC-B536-BFD6A0932E3A}"
EndProject
Global
	GlobalSection(SolutionConfigurationPlatforms) = preSolution
		Debug|Any CPU = Debug|Any CPU
		Release|Any CPU = Release|Any CPU
	EndGlobalSection
	GlobalSection(ProjectConfigurationPlatforms) = postSolution
		{C39C650C-12C0-4DFF-9601-CA8352AF433D}.Debug|Any CPU.ActiveCfg = Debug|Any CPU
		{C39C650C-12C0-4DFF-9601-CA8352AF433D}.Debug|Any CPU.Build.0 = Debug|Any CPU
		{C39C650C-12C0-4DFF-9601-CA8352AF433D}.Release|Any CPU.ActiveCfg = Release|Any CPU
		{C39C650C-12C0-4DFF-9601-CA8352AF433D}.Release|Any CPU.Build.0 = Release|Any CPU
		{0CDE25A8-FB69-4EEC-B536-BFD6A0932E3A}.Debug|Any CPU.ActiveCfg = Debug|Any CPU
		{0CDE25A8-FB69-4EEC-B536-BFD6A0932E3A}.Debug|Any CPU.Build.0 = Debug|Any CPU
		{0CDE25A8-FB69-4EEC-B536-BFD6A0932E3A}.Release|Any CPU.ActiveCfg = Release|Any CPU
		{0CDE25A8-FB69-4EEC-B536-BFD6A0932E3A}.Release|Any CPU.Build.0 = Release|Any CPU
	EndGlobalSection
	GlobalSection(SolutionProperties) = preSolution
		HideSolutionNode = FALSE
	EndGlobalSection
	GlobalSection(ExtensibilityGlobals) = postSolution
		SolutionGuid = {99D6E204-3BDF-4E59-8466-DB1B81D12D2B}
	EndGlobalSection
EndGlobal
